# THIS IS AN AUTOGENERATED FILE. DO NOT EDIT THIS FILE DIRECTLY.
assets/gift-card.scss.liquid:
  development: 2018-06-12T11:14:33+10:00   6e6f0dbd9794d29a482ad2a5827e0fad
assets/ico-select.svg.liquid:
  development: 2018-06-12T11:14:33+10:00   c74a0fed2a628d11ab7ec2363d49b230
assets/icons.eot:
  development: 2018-06-12T11:14:33+10:00   0c2280cf6bbe94dd7a00a395495f934c
assets/icons.json:
  development: 2018-06-12T12:07:11+10:00   41ee236f02598356c36595fc59d4d965
assets/icons.svg:
  development: 2018-06-12T11:14:34+10:00   a7e83add837f71a6588f88af1ff8bd70
assets/icons.ttf:
  development: 2018-06-12T11:14:34+10:00   df91cfab02000088e2b1f4e3a3948a13
assets/icons.woff:
  development: 2018-06-12T11:14:34+10:00   31266d77e006dc628d4192e3fef7077c
assets/jquery-2.2.3.min.js:
  development: 2018-06-12T11:14:34+10:00   33cabfa15c1060aaa3d207c653afb1ee
assets/lazysizes.min.js:
  development: 2018-06-12T11:14:34+10:00   8a017cd822f4299a72a0872b07105cf9
assets/password-page-background.jpg:
  development: 2018-06-12T11:14:34+10:00   4d5821272f875e5c11dd3a8c8e1d6133
assets/theme.js:
  development: 2018-06-14T19:18:00+10:00   ebbe6206ff260ef51f109d081e209422
assets/theme.scss.liquid:
  development: 2018-06-14T19:44:34+10:00   092d3e0c8fc48afbcd72ca8b1e1d68b1
assets/timber.scss.liquid:
  development: 2018-06-12T11:14:34+10:00   d4edffef339bce03f3020d28cf6c20ae
config/settings_data.json:
  development: 2018-06-12T11:14:37+10:00   9a01de61bed305a123ad2b5477c63433
config/settings_schema.json:
  development: 2018-06-12T12:07:37+10:00   91a956a76b64d9dbd027bbd1a1fdbdb0
layout/password.liquid:
  development: 2018-06-12T11:14:34+10:00   e506ce97535f355a15074a16e5f57380
layout/theme.liquid:
  development: 2018-06-14T10:28:44+10:00   e56fd8d9f551b6830af60b173464883a
locales/de.json:
  development: 2018-06-12T12:07:38+10:00   dd1f83641cc4e0956e7f091b8467348b
locales/en.default.json:
  development: 2018-06-12T12:07:15+10:00   6ef63dd80121b46a5e7cef0404055e55
locales/es.json:
  development: 2018-06-12T12:07:13+10:00   f142408dab98e45d05162a5f498ebde9
locales/fr.json:
  development: 2018-06-12T12:07:39+10:00   03ab184cc306a50b3dfde532117c287b
locales/it.json:
  development: 2018-06-12T12:07:31+10:00   151bdf62a9c0f9df00e61b9d604382bc
locales/ja.json:
  development: 2018-06-12T12:07:50+10:00   6d097d18426d015f9cd22422fd9f7f61
locales/pt-BR.json:
  development: 2018-06-12T12:07:26+10:00   d8dc1f35f8592c3d9956488358b10a93
locales/pt-PT.json:
  development: 2018-06-12T12:07:25+10:00   08589f7478d0c002269f5f5654b90ffc
sections/article-template.liquid:
  development: 2018-06-12T11:14:32+10:00   f1dd5566ff0988ce2f9ff22cee0c6d61
sections/blog-template.liquid:
  development: 2018-06-12T11:14:32+10:00   89961bf2f933d63dc1fafe5df2d0fc8d
sections/cart-template.liquid:
  development: 2018-06-12T11:14:32+10:00   8f9ee09aea8d2fd7e88ca5f535203aa9
sections/collection-list.liquid:
  development: 2018-06-12T11:14:32+10:00   5ce167a04cb4d3216afbe926670ff26b
sections/collection-order.liquid:
  development: 2018-06-14T19:18:17+10:00   f703208fad0dd39501f0d0b2b3e3fffc
sections/collection-template.liquid:
  development: 2018-06-12T11:14:32+10:00   793cf91cb9827febf7ae64f907034ecd
sections/custom-html.liquid:
  development: 2018-06-12T11:14:32+10:00   927c0e19d490d39ff4aa5bb9204175c7
sections/feature-row.liquid:
  development: 2018-06-12T11:14:32+10:00   4967e9c13f2efcc76043d8d62be845d1
sections/featured-blog.liquid:
  development: 2018-06-12T11:14:32+10:00   0b3f992f97945db2821e86ff3cc8b3d3
sections/featured-collection.liquid:
  development: 2018-06-12T11:14:32+10:00   1a39a7d60a60a3e25c8d8278b2c2e83d
sections/featured-product.liquid:
  development: 2018-06-12T11:14:32+10:00   31700e62322d7806ea8e3b570fbde607
sections/featured-video.liquid:
  development: 2018-06-12T11:14:33+10:00   6918eb8a870bfac619f6eda21ec37ed7
sections/footer.liquid:
  development: 2018-06-12T11:14:33+10:00   c1b5c7c74fea335eb965330fa275f034
sections/gallery.liquid:
  development: 2018-06-12T11:14:33+10:00   7f80796f0eb998f4a032a1ca450b1cf2
sections/header.liquid:
  development: 2018-06-12T11:14:33+10:00   dd9025bf2b7204be73c4b68a40be2705
sections/list-collections-template.liquid:
  development: 2018-06-12T11:14:33+10:00   b218836835163883f8006e98f64831ca
sections/map.liquid:
  development: 2018-06-12T12:07:48+10:00   f464ec68aa7b9d0c7df87d09f8b4fd12
sections/newsletter.liquid:
  development: 2018-06-12T11:14:33+10:00   a25f740bf1d74f3e2161e39e8ea2e13c
sections/password-content.liquid:
  development: 2018-06-12T11:14:33+10:00   efdf69abf68ab90cc859d693f6c31e58
sections/password-header.liquid:
  development: 2018-06-12T11:14:33+10:00   139dbe1b79b652043852cc73731d43e4
sections/product-template.liquid:
  development: 2018-06-14T19:33:40+10:00   6a5ee9766c2c655b0e673f3e3f5abae3
sections/rich-text.liquid:
  development: 2018-06-12T11:14:33+10:00   408f02185ca5329eb1a670cf19ea4089
sections/slider.liquid:
  development: 2018-06-12T11:14:33+10:00   29838de632da1efa369434d77259fa22
snippets/bgset.liquid:
  development: 2018-06-12T11:14:35+10:00   85889bbc39b57621f32fad66317366fc
snippets/blog-sidebar.liquid:
  development: 2018-06-12T11:14:35+10:00   db140aa96a5ee2e764d31483dd00168f
snippets/breadcrumb.liquid:
  development: 2018-06-12T11:14:35+10:00   7324fcf352fc0ce7d179877eeca50338
snippets/collection-grid-item.liquid:
  development: 2018-06-12T11:14:35+10:00   db7580d38bac3c09881c71dac5b5fea1
snippets/collection-sorting.liquid:
  development: 2018-06-12T11:14:35+10:00   3d2648af8d497870a7036250f62a7823
snippets/collection-tags.liquid:
  development: 2018-06-12T11:14:35+10:00   46029eea21893fe5add28a5547b3d35b
snippets/comment.liquid:
  development: 2018-06-12T11:14:35+10:00   35e507f92f779b5a74b68d9699051d53
snippets/featured-blog.liquid:
  development: 2018-06-12T12:07:28+10:00   e6bbd2c8902921c6ce79e37c8d0bdc90
snippets/image-style.liquid:
  development: 2018-06-12T11:14:35+10:00   264848e1c5a44d2f3f3feeb6edb0901c
snippets/mobile-nav-icons.liquid:
  development: 2018-06-12T11:14:35+10:00   47770a15391de08bb1523ad7cb8df819
snippets/mobile-nav.liquid:
  development: 2018-06-12T11:14:35+10:00   c0540f297a364c6efc186233be1d458c
snippets/newsletter-form.liquid:
  development: 2018-06-12T11:14:35+10:00   4e93b8617cdaba1a329a9e00618008b6
snippets/oldIE-js.liquid:
  development: 2018-06-12T11:14:35+10:00   2306140093c313ce59e221877aab9078
snippets/onboarding-featured-blog.liquid:
  development: 2018-06-12T11:14:35+10:00   9f64f9f3d710b57c959341e6293d0dd3
snippets/pagination-custom.liquid:
  development: 2018-06-12T11:14:35+10:00   13a718c4d2a26a6c5b0a4088feffcdee
snippets/product-grid-item.liquid:
  development: 2018-06-12T11:14:35+10:00   c6d04fa50c80dcfa75ba4570139eda64
snippets/related-products.liquid:
  development: 2018-06-12T11:14:35+10:00   f226f17d078871c7321c506d6f04b71f
snippets/search-bar.liquid:
  development: 2018-06-12T11:14:35+10:00   85e1191b1c95ca4c3f724f38a9218af8
snippets/search-result-grid.liquid:
  development: 2018-06-12T11:14:35+10:00   171b4d97c70e52ad295864f1f00d1a56
snippets/search-result.liquid:
  development: 2018-06-12T11:14:35+10:00   9b179e5178ee9bfb5e085999dfb27219
snippets/site-nav.liquid:
  development: 2018-06-12T11:14:35+10:00   4212329d445fd8219f5e16541ac05f8d
snippets/social-links.liquid:
  development: 2018-06-12T11:14:35+10:00   94b779103d80ce313734af90aeccc56e
snippets/social-meta-tags.liquid:
  development: 2018-06-12T11:14:35+10:00   ae9e213401623b2601abf0ace8e21537
snippets/social-sharing.liquid:
  development: 2018-06-12T11:14:36+10:00   50728986de2370a746cdaa2d7497eb10
snippets/svg-definitions.liquid:
  development: 2018-06-12T12:07:31+10:00   fe4fbc64d534e355fd8653de4ebac79a
snippets/tags-article.liquid:
  development: 2018-06-12T11:14:36+10:00   20bac49751d1b57826250dd05fdba854
templates/404.liquid:
  development: 2018-06-12T11:14:36+10:00   a345bd048463d3bb245873ed26a41a98
templates/article.liquid:
  development: 2018-06-12T11:14:36+10:00   5daa05ec94a09e61c83de1fdda71d460
templates/blog.liquid:
  development: 2018-06-12T11:14:36+10:00   2d9763b480fe6879080163b1e0e33e54
templates/cart.liquid:
  development: 2018-06-12T11:14:36+10:00   bba3c715f8c51f0520b3bd1a49ca90dc
templates/collection.liquid:
  development: 2018-06-12T11:14:36+10:00   dbc96efd23c46d39aa0870904e5ffb76
templates/collection.order.liquid:
  development: 2018-06-13T15:12:26+10:00   3dc88ce988d6e943215c3d5a96c88b4b
templates/customers/account.liquid:
  development: 2018-06-12T11:14:36+10:00   a6965fad5d37ba0893a8cb291793ce33
templates/customers/activate_account.liquid:
  development: 2018-06-12T11:14:36+10:00   d3c61f507959bd61a133d4d7db22daea
templates/customers/addresses.liquid:
  development: 2018-06-12T11:14:36+10:00   66542340479597c17a002b19b448a350
templates/customers/login.liquid:
  development: 2018-06-12T11:14:36+10:00   2924330d47e28ff885ab9fab64de7ffb
templates/customers/order.liquid:
  development: 2018-06-12T11:14:36+10:00   c3b048af43b566743eadeeba33a15740
templates/customers/register.liquid:
  development: 2018-06-12T11:14:36+10:00   a867faa8369db6f6043803d8db367195
templates/customers/reset_password.liquid:
  development: 2018-06-12T11:14:36+10:00   34c6b26b205551a90f08f2dca7519550
templates/gift_card.liquid:
  development: 2018-06-12T11:14:36+10:00   7bb06f36fcdf16f056478e54ab831b04
templates/index.liquid:
  development: 2018-06-12T11:14:36+10:00   56b51b6f96394db4b17c64b43e1c0010
templates/list-collections.liquid:
  development: 2018-06-12T11:14:36+10:00   eabed71f62563b929b8da83a4aeacbfb
templates/page.contact.liquid:
  development: 2018-06-12T11:14:36+10:00   66f8544941ec97c56348164eb3a7a245
templates/page.full-width-no-heading.liquid:
  development: 2018-06-12T11:14:36+10:00   69d6b589c5ec6e8299088c5624c195fa
templates/page.full-width.liquid:
  development: 2018-06-12T11:14:36+10:00   70e6db67acbee100359ac565a1cc4fbf
templates/page.liquid:
  development: 2018-06-12T11:14:36+10:00   920ebc6f5bbe5203ece5b8a6b1e66488
templates/page.no-heading.liquid:
  development: 2018-06-12T11:14:36+10:00   1217ebf3d69892fe813368050dfa6629
templates/password.liquid:
  development: 2018-06-12T11:14:36+10:00   27c20529a5fa11780bc067f4f5c7cc9d
templates/product.liquid:
  development: 2018-06-12T11:14:36+10:00   7a6baccf94cff7809eba07c74974cc11
templates/product.personalize.liquid:
  development: 2018-06-12T12:39:08+10:00   7a6baccf94cff7809eba07c74974cc11
templates/search.liquid:
  development: 2018-06-12T11:14:37+10:00   8fbd81f129d4a0e8e9755047e6973d9a
